
Microsoft Visual Studio Solution File, Format Version 12.00
# Visual Studio Version 16
VisualStudioVersion = 16.0.33027.164
MinimumVisualStudioVersion = 10.0.40219.1
Project("{8BC9CEB8-8B4A-11D0-8D11-00A0C91BC942}") = "DynamicList", "DynamicList\DynamicList.vcxproj", "{F4298C6F-2E9C-4461-970A-177D771AD32E}"
EndProject
Project("{8BC9CEB8-8B4A-11D0-8D11-00A0C91BC942}") = "IoStructures", "IoStructures\IoStructures.vcxproj", "{DCA5EB92-A020-492F-A176-54B3986534ED}"
EndProject
Global
	GlobalSection(SolutionConfigurationPlatforms) = preSolution
		Debug|x64 = Debug|x64
		Debug|x86 = Debug|x86
		Release|x64 = Release|x64
		Release|x86 = Release|x86
	EndGlobalSection
	GlobalSection(ProjectConfigurationPlatforms) = postSolution
		{F4298C6F-2E9C-4461-970A-177D771AD32E}.Debug|x64.ActiveCfg = Debug|x64
		{F4298C6F-2E9C-4461-970A-177D771AD32E}.Debug|x64.Build.0 = Debug|x64
		{F4298C6F-2E9C-4461-970A-177D771AD32E}.Debug|x86.ActiveCfg = Debug|Win32
		{F4298C6F-2E9C-4461-970A-177D771AD32E}.Debug|x86.Build.0 = Debug|Win32
		{F4298C6F-2E9C-4461-970A-177D771AD32E}.Release|x64.ActiveCfg = Release|x64
		{F4298C6F-2E9C-4461-970A-177D771AD32E}.Release|x64.Build.0 = Release|x64
		{F4298C6F-2E9C-4461-970A-177D771AD32E}.Release|x86.ActiveCfg = Release|Win32
		{F4298C6F-2E9C-4461-970A-177D771AD32E}.Release|x86.Build.0 = Release|Win32
		{DCA5EB92-A020-492F-A176-54B3986534ED}.Debug|x64.ActiveCfg = Debug|x64
		{DCA5EB92-A020-492F-A176-54B3986534ED}.Debug|x64.Build.0 = Debug|x64
		{DCA5EB92-A020-492F-A176-54B3986534ED}.Debug|x86.ActiveCfg = Debug|Win32
		{DCA5EB92-A020-492F-A176-54B3986534ED}.Debug|x86.Build.0 = Debug|Win32
		{DCA5EB92-A020-492F-A176-54B3986534ED}.Release|x64.ActiveCfg = Release|x64
		{DCA5EB92-A020-492F-A176-54B3986534ED}.Release|x64.Build.0 = Release|x64
		{DCA5EB92-A020-492F-A176-54B3986534ED}.Release|x86.ActiveCfg = Release|Win32
		{DCA5EB92-A020-492F-A176-54B3986534ED}.Release|x86.Build.0 = Release|Win32
	EndGlobalSection
	GlobalSection(SolutionProperties) = preSolution
		HideSolutionNode = FALSE
	EndGlobalSection
	GlobalSection(ExtensibilityGlobals) = postSolution
		SolutionGuid = {2960CE78-5554-4C0F-8023-0AD5C6C45EC1}
	EndGlobalSection
EndGlobal
